
Microsoft Visual Studio Solution File, Format Version 12.00
# Visual Studio 2012
Project("{FAE04EC0-301F-11D3-BF4B-00C04F79EFBC}") = "tmtit-11", "tmtit-11\tmtit-11.csproj", "{6EC2C21F-D244-43E6-800C-8E40C1F29184}"
EndProject
Global
	GlobalSection(SolutionConfigurationPlatforms) = preSolution
		Debug|Any CPU = Debug|Any CPU
		Release|Any CPU = Release|Any CPU
	EndGlobalSection
	GlobalSection(ProjectConfigurationPlatforms) = postSolution
		{6EC2C21F-D244-43E6-800C-8E40C1F29184}.Debug|Any CPU.ActiveCfg = Debug|Any CPU
		{6EC2C21F-D244-43E6-800C-8E40C1F29184}.Debug|Any CPU.Build.0 = Debug|Any CPU
		{6EC2C21F-D244-43E6-800C-8E40C1F29184}.Release|Any CPU.ActiveCfg = Release|Any CPU
		{6EC2C21F-D244-43E6-800C-8E40C1F29184}.Release|Any CPU.Build.0 = Release|Any CPU
	EndGlobalSection
	GlobalSection(SolutionProperties) = preSolution
		HideSolutionNode = FALSE
	EndGlobalSection
EndGlobal
